{
    "name": "journal",
    "version": "1.0.0",
    "lockfileVersion": 2,
    "requires": true,
    "packages": {
        "": {
            "name": "journal",
            "version": "1.0.0",
            "license": "MIT",
            "engines": {
                "ghost": ">=4.0.0",
                "ghost-api": "v4"
            }
        }
    }
}
